
Microsoft Visual Studio Solution File, Format Version 12.00
# Visual Studio 14
VisualStudioVersion = 14.0.24720.0
MinimumVisualStudioVersion = 10.0.40219.1
Project("{FAE04EC0-301F-11D3-BF4B-00C04F79EFBC}") = "DomainCodeChallenge", "DomainCodeChallenge\DomainCodeChallenge.csproj", "{5A0CADA1-D49F-45DB-AE33-3BCAC2A46925}"
EndProject
Project("{FAE04EC0-301F-11D3-BF4B-00C04F79EFBC}") = "DomainCodeChallenge.Core", "DomainCodeChallenge.Core\DomainCodeChallenge.Core.csproj", "{B5EF386F-7C0D-45C6-A915-B3771D678C3B}"
EndProject
Project("{FAE04EC0-301F-11D3-BF4B-00C04F79EFBC}") = "DomainCodeChallenge.Core.Test", "DomainCodeChallenge.Core.Test\DomainCodeChallenge.Core.Test.csproj", "{9602BE0F-8E5C-47DC-A8D0-237F8F3EEFF9}"
EndProject
Global
	GlobalSection(SolutionConfigurationPlatforms) = preSolution
		Debug|Any CPU = Debug|Any CPU
		Release|Any CPU = Release|Any CPU
	EndGlobalSection
	GlobalSection(ProjectConfigurationPlatforms) = postSolution
		{5A0CADA1-D49F-45DB-AE33-3BCAC2A46925}.Debug|Any CPU.ActiveCfg = Debug|Any CPU
		{5A0CADA1-D49F-45DB-AE33-3BCAC2A46925}.Debug|Any CPU.Build.0 = Debug|Any CPU
		{5A0CADA1-D49F-45DB-AE33-3BCAC2A46925}.Release|Any CPU.ActiveCfg = Release|Any CPU
		{5A0CADA1-D49F-45DB-AE33-3BCAC2A46925}.Release|Any CPU.Build.0 = Release|Any CPU
		{B5EF386F-7C0D-45C6-A915-B3771D678C3B}.Debug|Any CPU.ActiveCfg = Debug|Any CPU
		{B5EF386F-7C0D-45C6-A915-B3771D678C3B}.Debug|Any CPU.Build.0 = Debug|Any CPU
		{B5EF386F-7C0D-45C6-A915-B3771D678C3B}.Release|Any CPU.ActiveCfg = Release|Any CPU
		{B5EF386F-7C0D-45C6-A915-B3771D678C3B}.Release|Any CPU.Build.0 = Release|Any CPU
		{9602BE0F-8E5C-47DC-A8D0-237F8F3EEFF9}.Debug|Any CPU.ActiveCfg = Debug|Any CPU
		{9602BE0F-8E5C-47DC-A8D0-237F8F3EEFF9}.Debug|Any CPU.Build.0 = Debug|Any CPU
		{9602BE0F-8E5C-47DC-A8D0-237F8F3EEFF9}.Release|Any CPU.ActiveCfg = Release|Any CPU
		{9602BE0F-8E5C-47DC-A8D0-237F8F3EEFF9}.Release|Any CPU.Build.0 = Release|Any CPU
	EndGlobalSection
	GlobalSection(SolutionProperties) = preSolution
		HideSolutionNode = FALSE
	EndGlobalSection
EndGlobal
